
Microsoft Visual Studio Solution File, Format Version 12.00
# Visual Studio 15
VisualStudioVersion = 15.0.28307.329
MinimumVisualStudioVersion = 10.0.40219.1
Project("{9A19103F-16F7-4668-BE54-9A1E7A4F7556}") = "CDC_producer", "CDC_demo\CDC_producer.csproj", "{534FAAD4-D12A-47D8-8A75-FE6C2D0CE8DB}"
EndProject
Project("{9A19103F-16F7-4668-BE54-9A1E7A4F7556}") = "CDC_consumer", "..\CDC_consumer\CDC_consumer\CDC_consumer.csproj", "{38F83C86-7A28-474B-B803-5AF3AA11A25B}"
EndProject
Global
	GlobalSection(SolutionConfigurationPlatforms) = preSolution
		Debug|Any CPU = Debug|Any CPU
		Release|Any CPU = Release|Any CPU
	EndGlobalSection
	GlobalSection(ProjectConfigurationPlatforms) = postSolution
		{534FAAD4-D12A-47D8-8A75-FE6C2D0CE8DB}.Debug|Any CPU.ActiveCfg = Debug|Any CPU
		{534FAAD4-D12A-47D8-8A75-FE6C2D0CE8DB}.Debug|Any CPU.Build.0 = Debug|Any CPU
		{534FAAD4-D12A-47D8-8A75-FE6C2D0CE8DB}.Release|Any CPU.ActiveCfg = Release|Any CPU
		{534FAAD4-D12A-47D8-8A75-FE6C2D0CE8DB}.Release|Any CPU.Build.0 = Release|Any CPU
		{38F83C86-7A28-474B-B803-5AF3AA11A25B}.Debug|Any CPU.ActiveCfg = Debug|Any CPU
		{38F83C86-7A28-474B-B803-5AF3AA11A25B}.Debug|Any CPU.Build.0 = Debug|Any CPU
		{38F83C86-7A28-474B-B803-5AF3AA11A25B}.Release|Any CPU.ActiveCfg = Release|Any CPU
		{38F83C86-7A28-474B-B803-5AF3AA11A25B}.Release|Any CPU.Build.0 = Release|Any CPU
	EndGlobalSection
	GlobalSection(SolutionProperties) = preSolution
		HideSolutionNode = FALSE
	EndGlobalSection
	GlobalSection(ExtensibilityGlobals) = postSolution
		SolutionGuid = {7745D99B-3619-4564-BA5C-F918888F4C22}
	EndGlobalSection
EndGlobal
